// !$*UTF8*$!
{
	archiveVersion = 1;
	classes = {
	};
	objectVersion = 46;
	objects = {

/* Begin PBXBuildFile section */
		BC9BE0AE1B5F75F70060F64D /* AppDelegate.swift in Sources */ = {isa = PBXBuildFile; fileRef = BC9BE0AD1B5F75F70060F64D /* AppDelegate.swift */; };
		BC9BE0B01B5F75F70060F64D /* ViewController.swift in Sources */ = {isa = PBXBuildFile; fileRef = BC9BE0AF1B5F75F70060F64D /* ViewController.swift */; };
		BC9BE0B31B5F75F70060F64D /* Main.storyboard in Resources */ = {isa = PBXBuildFile; fileRef = BC9BE0B11B5F75F70060F64D /* Main.storyboard */; };
		BC9BE0B51B5F75F70060F64D /* Images.xcassets in Resources */ = {isa = PBXBuildFile; fileRef = BC9BE0B41B5F75F70060F64D /* Images.xcassets */; };
		BC9BE0B81B5F75F70060F64D /* LaunchScreen.xib in Resources */ = {isa = PBXBuildFile; fileRef = BC9BE0B61B5F75F70060F64D /* LaunchScreen.xib */; };
		BC9BE0C41B5F75F70060F64D /* SwiftHelloWorldTests.swift in Sources */ = {isa = PBXBuildFile; fileRef = BC9BE0C31B5F75F70060F64D /* SwiftHelloWorldTests.swift */; };
/* End PBXBuildFile section */

/* Begin PBXContainerItemProxy section */
		BC9BE0BE1B5F75F70060F64D /* PBXContainerItemProxy */ = {
			isa = PBXContainerItemProxy;
			containerPortal = BC9BE0A01B5F75F70060F64D /* Project object */;
			proxyType = 1;
			remoteGlobalIDString = BC9BE0A71B5F75F70060F64D;
			remoteInfo = SwiftHelloWorld;
		};
/* End PBXContainerItemProxy section */

/* Begin PBXFileReference section */
		BC9BE0A81B5F75F70060F64D /* SwiftHelloWorld.app */ = {isa = PBXFileReference; explicitFileType = wrapper.application; includeInIndex = 0; path = SwiftHelloWorld.app; sourceTree = BUILT_PRODUCTS_DIR; };
		BC9BE0AC1B5F75F70060F64D /* Info.plist */ = {isa = PBXFileReference; lastKnownFileType = text.plist.xml; path = Info.plist; sourceTree = "<group>"; };
		BC9BE0AD1B5F75F70060F64D /* AppDelegate.swift */ = {isa = PBXFileReference; lastKnownFileType = sourcecode.swift; path = AppDelegate.swift; sourceTree = "<group>"; };
		BC9BE0AF1B5F75F70060F64D /* ViewController.swift */ = {isa = PBXFileReference; lastKnownFileType = sourcecode.swift; path = ViewController.swift; sourceTree = "<group>"; };
		BC9BE0B21B5F75F70060F64D /* Base */ = {isa = PBXFileReference; lastKnownFileType = file.storyboard; name = Base; path = Base.lproj/Main.storyboard; sourceTree = "<group>"; };
		BC9BE0B41B5F75F70060F64D /* Images.xcassets */ = {isa = PBXFileReference; lastKnownFileType = folder.assetcatalog; path = Images.xcassets; sourceTree = "<group>"; };
		BC9BE0B71B5F75F70060F64D /* Base */ = {isa = PBXFileReference; lastKnownFileType = file.xib; name = Base; path = Base.lproj/LaunchScreen.xib; sourceTree = "<group>"; };
		BC9BE0BD1B5F75F70060F64D /* SwiftHelloWorldTests.xctest */ = {isa = PBXFileReference; explicitFileType = wrapper.cfbundle; includeInIndex = 0; path = SwiftHelloWorldTests.xctest; sourceTree = BUILT_PRODUCTS_DIR; };
		BC9BE0C21B5F75F70060F64D /* Info.plist */ = {isa = PBXFileReference; lastKnownFileType = text.plist.xml; path = Info.plist; sourceTree = "<group>"; };
		BC9BE0C31B5F75F70060F64D /* SwiftHelloWorldTests.swift */ = {isa = PBXFileReference; lastKnownFileType = sourcecode.swift; path = SwiftHelloWorldTests.swift; sourceTree = "<group>"; };
/* End PBXFileReference section */

/* Begin PBXFrameworksBuildPhase section */
		BC9BE0A51B5F75F70060F64D /* Frameworks */ = {
			isa = PBXFrameworksBuildPhase;
			buildActionMask = 2147483647;
			files = (
			);
			runOnlyForDeploymentPostprocessing = 0;
		};
		BC9BE0BA1B5F75F70060F64D /* Frameworks */ = {
			isa = PBXFrameworksBuildPhase;
			buildActionMask = 2147483647;
			files = (
			);
			runOnlyForDeploymentPostprocessing = 0;
		};
/* End PBXFrameworksBuildPhase section */

/* Begin PBXGroup section */
		BC9BE09F1B5F75F70060F64D = {
			isa = PBXGroup;
			children = (
				BC9BE0AA1B5F75F70060F64D /* SwiftHelloWorld */,
				BC9BE0C01B5F75F70060F64D /* SwiftHelloWorldTests */,
				BC9BE0A91B5F75F70060F64D /* Products */,
			);
			sourceTree = "<group>";
		};
		BC9BE0A91B5F75F70060F64D /* Products */ = {
			isa = PBXGroup;
			children = (
				BC9BE0A81B5F75F70060F64D /* SwiftHelloWorld.app */,
				BC9BE0BD1B5F75F70060F64D /* SwiftHelloWorldTests.xctest */,
			);
			name = Products;
			sourceTree = "<group>";
		};
		BC9BE0AA1B5F75F70060F64D /* SwiftHelloWorld */ = {
			isa = PBXGroup;
			children = (
				BC9BE0AD1B5F75F70060F64D /* AppDelegate.swift */,
				BC9BE0AF1B5F75F70060F64D /* ViewController.swift */,
				BC9BE0B11B5F75F70060F64D /* Main.storyboard */,
				BC9BE0B41B5F75F70060F64D /* Images.xcassets */,
				BC9BE0B61B5F75F70060F64D /* LaunchScreen.xib */,
				BC9BE0AB1B5F75F70060F64D /* Supporting Files */,
			);
			path = SwiftHelloWorld;
			sourceTree = "<group>";
		};
		BC9BE0AB1B5F75F70060F64D /* Supporting Files */ = {
			isa = PBXGroup;
			children = (
				BC9BE0AC1B5F75F70060F64D /* Info.plist */,
			);
			name = "Supporting Files";
			sourceTree = "<group>";
		};
		BC9BE0C01B5F75F70060F64D /* SwiftHelloWorldTests */ = {
			isa = PBXGroup;
			children = (
				BC9BE0C31B5F75F70060F64D /* SwiftHelloWorldTests.swift */,
				BC9BE0C11B5F75F70060F64D /* Supporting Files */,
			);
			path = SwiftHelloWorldTests;
			sourceTree = "<group>";
		};
		BC9BE0C11B5F75F70060F64D /* Supporting Files */ = {
			isa = PBXGroup;
			children = (
				BC9BE0C21B5F75F70060F64D /* Info.plist */,
			);
			name = "Supporting Files";
			sourceTree = "<group>";
		};
/* End PBXGroup section */

/* Begin PBXNativeTarget section */
		BC9BE0A71B5F75F70060F64D /* SwiftHelloWorld */ = {
			isa = PBXNativeTarget;
			buildConfigurationList = BC9BE0C71B5F75F70060F64D /* Build configuration list for PBXNativeTarget "SwiftHelloWorld" */;
			buildPhases = (
				BC9BE0A41B5F75F70060F64D /* Sources */,
				BC9BE0A51B5F75F70060F64D /* Frameworks */,
				BC9BE0A61B5F75F70060F64D /* Resources */,
			);
			buildRules = (
			);
			dependencies = (
			);
			name = SwiftHelloWorld;
			productName = SwiftHelloWorld;
			productReference = BC9BE0A81B5F75F70060F64D /* SwiftHelloWorld.app */;
			productType = "com.apple.product-type.application";
		};
		BC9BE0BC1B5F75F70060F64D /* SwiftHelloWorldTests */ = {
			isa = PBXNativeTarget;
			buildConfigurationList = BC9BE0CA1B5F75F70060F64D /* Build configuration list for PBXNativeTarget "SwiftHelloWorldTests" */;
			buildPhases = (
				BC9BE0B91B5F75F70060F64D /* Sources */,
				BC9BE0BA1B5F75F70060F64D /* Frameworks */,
				BC9BE0BB1B5F75F70060F64D /* Resources */,
			);
			buildRules = (
			);
			dependencies = (
				BC9BE0BF1B5F75F70060F64D /* PBXTargetDependency */,
			);
			name = SwiftHelloWorldTests;
			productName = SwiftHelloWorldTests;
			productReference = BC9BE0BD1B5F75F70060F64D /* SwiftHelloWorldTests.xctest */;
			productType = "com.apple.product-type.bundle.unit-test";
		};
/* End PBXNativeTarget section */

/* Begin PBXProject section */
		BC9BE0A01B5F75F70060F64D /* Project object */ = {
			isa = PBXProject;
			attributes = {
				LastUpgradeCheck = 0630;
				ORGANIZATIONNAME = sample;
				TargetAttributes = {
					BC9BE0A71B5F75F70060F64D = {
						CreatedOnToolsVersion = 6.3.2;
					};
					BC9BE0BC1B5F75F70060F64D = {
						CreatedOnToolsVersion = 6.3.2;
						TestTargetID = BC9BE0A71B5F75F70060F64D;
					};
				};
			};
			buildConfigurationList = BC9BE0A31B5F75F70060F64D /* Build configuration list for PBXProject "SwiftHelloWorld" */;
			compatibilityVersion = "Xcode 3.2";
			developmentRegion = English;
			hasScannedForEncodings = 0;
			knownRegions = (
				en,
				Base,
			);
			mainGroup = BC9BE09F1B5F75F70060F64D;
			productRefGroup = BC9BE0A91B5F75F70060F64D /* Products */;
			projectDirPath = "";
			projectRoot = "";
			targets = (
				BC9BE0A71B5F75F70060F64D /* SwiftHelloWorld */,
				BC9BE0BC1B5F75F70060F64D /* SwiftHelloWorldTests */,
			);
		};
/* End PBXProject section */

/* Begin PBXResourcesBuildPhase section */
		BC9BE0A61B5F75F70060F64D /* Resources */ = {
			isa = PBXResourcesBuildPhase;
			buildActionMask = 2147483647;
			files = (
				BC9BE0B31B5F75F70060F64D /* Main.storyboard in Resources */,
				BC9BE0B81B5F75F70060F64D /* LaunchScreen.xib in Resources */,
				BC9BE0B51B5F75F70060F64D /* Images.xcassets in Resources */,
			);
			runOnlyForDeploymentPostprocessing = 0;
		};
		BC9BE0BB1B5F75F70060F64D /* Resources */ = {
			isa = PBXResourcesBuildPhase;
			buildActionMask = 2147483647;
			files = (
			);
			runOnlyForDeploymentPostprocessing = 0;
		};
/* End PBXResourcesBuildPhase section */

/* Begin PBXSourcesBuildPhase section */
		BC9BE0A41B5F75F70060F64D /* Sources */ = {
			isa = PBXSourcesBuildPhase;
			buildActionMask = 2147483647;
			files = (
				BC9BE0B01B5F75F70060F64D /* ViewController.swift in Sources */,
				BC9BE0AE1B5F75F70060F64D /* AppDelegate.swift in Sources */,
			);
			runOnlyForDeploymentPostprocessing = 0;
		};
		BC9BE0B91B5F75F70060F64D /* Sources */ = {
			isa = PBXSourcesBuildPhase;
			buildActionMask = 2147483647;
			files = (
				BC9BE0C41B5F75F70060F64D /* SwiftHelloWorldTests.swift in Sources */,
			);
			runOnlyForDeploymentPostprocessing = 0;
		};
/* End PBXSourcesBuildPhase section */

/* Begin PBXTargetDependency section */
		BC9BE0BF1B5F75F70060F64D /* PBXTargetDependency */ = {
			isa = PBXTargetDependency;
			target = BC9BE0A71B5F75F70060F64D /* SwiftHelloWorld */;
			targetProxy = BC9BE0BE1B5F75F70060F64D /* PBXContainerItemProxy */;
		};
/* End PBXTargetDependency section */

/* Begin PBXVariantGroup section */
		BC9BE0B11B5F75F70060F64D /* Main.storyboard */ = {
			isa = PBXVariantGroup;
			children = (
				BC9BE0B21B5F75F70060F64D /* Base */,
			);
			name = Main.storyboard;
			sourceTree = "<group>";
		};
		BC9BE0B61B5F75F70060F64D /* LaunchScreen.xib */ = {
			isa = PBXVariantGroup;
			children = (
				BC9BE0B71B5F75F70060F64D /* Base */,
			);
			name = LaunchScreen.xib;
			sourceTree = "<group>";
		};
/* End PBXVariantGroup section */

/* Begin XCBuildConfiguration section */
		BC9BE0C51B5F75F70060F64D /* Debug */ = {
			isa = XCBuildConfiguration;
			buildSettings = {
				ALWAYS_SEARCH_USER_PATHS = NO;
				CLANG_CXX_LANGUAGE_STANDARD = "gnu++0x";
				CLANG_CXX_LIBRARY = "libc++";
				CLANG_ENABLE_MODULES = YES;
				CLANG_ENABLE_OBJC_ARC = YES;
				CLANG_WARN_BOOL_CONVERSION = YES;
				CLANG_WARN_CONSTANT_CONVERSION = YES;
				CLANG_WARN_DIRECT_OBJC_ISA_USAGE = YES_ERROR;
				CLANG_WARN_EMPTY_BODY = YES;
				CLANG_WARN_ENUM_CONVERSION = YES;
				CLANG_WARN_INT_CONVERSION = YES;
				CLANG_WARN_OBJC_ROOT_CLASS = YES_ERROR;
				CLANG_WARN_UNREACHABLE_CODE = YES;
				CLANG_WARN__DUPLICATE_METHOD_MATCH = YES;
				"CODE_SIGN_IDENTITY[sdk=iphoneos*]" = "iPhone Developer";
				COPY_PHASE_STRIP = NO;
				DEBUG_INFORMATION_FORMAT = "dwarf-with-dsym";
				ENABLE_STRICT_OBJC_MSGSEND = YES;
				GCC_C_LANGUAGE_STANDARD = gnu99;
				GCC_DYNAMIC_NO_PIC = NO;
				GCC_NO_COMMON_BLOCKS = YES;
				GCC_OPTIMIZATION_LEVEL = 0;
				GCC_PREPROCESSOR_DEFINITIONS = (
					"DEBUG=1",
					"$(inherited)",
				);
				GCC_SYMBOLS_PRIVATE_EXTERN = NO;
				GCC_WARN_64_TO_32_BIT_CONVERSION = YES;
				GCC_WARN_ABOUT_RETURN_TYPE = YES_ERROR;
				GCC_WARN_UNDECLARED_SELECTOR = YES;
				GCC_WARN_UNINITIALIZED_AUTOS = YES_AGGRESSIVE;
				GCC_WARN_UNUSED_FUNCTION = YES;
				GCC_WARN_UNUSED_VARIABLE = YES;
				IPHONEOS_DEPLOYMENT_TARGET = 8.3;
				MTL_ENABLE_DEBUG_INFO = YES;
				ONLY_ACTIVE_ARCH = YES;
				SDKROOT = iphoneos;
				SWIFT_OPTIMIZATION_LEVEL = "-Onone";
				TARGETED_DEVICE_FAMILY = "1,2";
			};
			name = Debug;
		};
		BC9BE0C61B5F75F70060F64D /* Release */ = {
			isa = XCBuildConfiguration;
			buildSettings = {
				ALWAYS_SEARCH_USER_PATHS = NO;
				CLANG_CXX_LANGUAGE_STANDARD = "gnu++0x";
				CLANG_CXX_LIBRARY = "libc++";
				CLANG_ENABLE_MODULES = YES;
				CLANG_ENABLE_OBJC_ARC = YES;
				CLANG_WARN_BOOL_CONVERSION = YES;
				CLANG_WARN_CONSTANT_CONVERSION = YES;
				CLANG_WARN_DIRECT_OBJC_ISA_USAGE = YES_ERROR;
				CLANG_WARN_EMPTY_BODY = YES;
				CLANG_WARN_ENUM_CONVERSION = YES;
				CLANG_WARN_INT_CONVERSION = YES;
				CLANG_WARN_OBJC_ROOT_CLASS = YES_ERROR;
				CLANG_WARN_UNREACHABLE_CODE = YES;
				CLANG_WARN__DUPLICATE_METHOD_MATCH = YES;
				"CODE_SIGN_IDENTITY[sdk=iphoneos*]" = "iPhone Developer";
				COPY_PHASE_STRIP = NO;
				DEBUG_INFORMATION_FORMAT = "dwarf-with-dsym";
				ENABLE_NS_ASSERTIONS = NO;
				ENABLE_STRICT_OBJC_MSGSEND = YES;
				GCC_C_LANGUAGE_STANDARD = gnu99;
				GCC_NO_COMMON_BLOCKS = YES;
				GCC_WARN_64_TO_32_BIT_CONVERSION = YES;
				GCC_WARN_ABOUT_RETURN_TYPE = YES_ERROR;
				GCC_WARN_UNDECLARED_SELECTOR = YES;
				GCC_WARN_UNINITIALIZED_AUTOS = YES_AGGRESSIVE;
				GCC_WARN_UNUSED_FUNCTION = YES;
				GCC_WARN_UNUSED_VARIABLE = YES;
				IPHONEOS_DEPLOYMENT_TARGET = 8.3;
				MTL_ENABLE_DEBUG_INFO = NO;
				SDKROOT = iphoneos;
				TARGETED_DEVICE_FAMILY = "1,2";
				VALIDATE_PRODUCT = YES;
			};
			name = Release;
		};
		BC9BE0C81B5F75F70060F64D /* Debug */ = {
			isa = XCBuildConfiguration;
			buildSettings = {
				ASSETCATALOG_COMPILER_APPICON_NAME = AppIcon;
				INFOPLIST_FILE = SwiftHelloWorld/Info.plist;
				LD_RUNPATH_SEARCH_PATHS = "$(inherited) @executable_path/Frameworks";
				PRODUCT_NAME = "$(TARGET_NAME)";
			};
			name = Debug;
		};
		BC9BE0C91B5F75F70060F64D /* Release */ = {
			isa = XCBuildConfiguration;
			buildSettings = {
				ASSETCATALOG_COMPILER_APPICON_NAME = AppIcon;
				INFOPLIST_FILE = SwiftHelloWorld/Info.plist;
				LD_RUNPATH_SEARCH_PATHS = "$(inherited) @executable_path/Frameworks";
				PRODUCT_NAME = "$(TARGET_NAME)";
			};
			name = Release;
		};
		BC9BE0CB1B5F75F70060F64D /* Debug */ = {
			isa = XCBuildConfiguration;
			buildSettings = {
				BUNDLE_LOADER = "$(TEST_HOST)";
				FRAMEWORK_SEARCH_PATHS = (
					"$(SDKROOT)/Developer/Library/Frameworks",
					"$(inherited)",
				);
				GCC_PREPROCESSOR_DEFINITIONS = (
					"DEBUG=1",
					"$(inherited)",
				);
				INFOPLIST_FILE = SwiftHelloWorldTests/Info.plist;
				LD_RUNPATH_SEARCH_PATHS = "$(inherited) @executable_path/Frameworks @loader_path/Frameworks";
				PRODUCT_NAME = "$(TARGET_NAME)";
				TEST_HOST = "$(BUILT_PRODUCTS_DIR)/SwiftHelloWorld.app/SwiftHelloWorld";
			};
			name = Debug;
		};
		BC9BE0CC1B5F75F70060F64D /* Release */ = {
			isa = XCBuildConfiguration;
			buildSettings = {
				BUNDLE_LOADER = "$(TEST_HOST)";
				FRAMEWORK_SEARCH_PATHS = (
					"$(SDKROOT)/Developer/Library/Frameworks",
					"$(inherited)",
				);
				INFOPLIST_FILE = SwiftHelloWorldTests/Info.plist;
				LD_RUNPATH_SEARCH_PATHS = "$(inherited) @executable_path/Frameworks @loader_path/Frameworks";
				PRODUCT_NAME = "$(TARGET_NAME)";
				TEST_HOST = "$(BUILT_PRODUCTS_DIR)/SwiftHelloWorld.app/SwiftHelloWorld";
			};
			name = Release;
		};
/* End XCBuildConfiguration section */

/* Begin XCConfigurationList section */
		BC9BE0A31B5F75F70060F64D /* Build configuration list for PBXProject "SwiftHelloWorld" */ = {
			isa = XCConfigurationList;
			buildConfigurations = (
				BC9BE0C51B5F75F70060F64D /* Debug */,
				BC9BE0C61B5F75F70060F64D /* Release */,
			);
			defaultConfigurationIsVisible = 0;
			defaultConfigurationName = Release;
		};
		BC9BE0C71B5F75F70060F64D /* Build configuration list for PBXNativeTarget "SwiftHelloWorld" */ = {
			isa = XCConfigurationList;
			buildConfigurations = (
				BC9BE0C81B5F75F70060F64D /* Debug */,
				BC9BE0C91B5F75F70060F64D /* Release */,
			);
			defaultConfigurationIsVisible = 0;
		};
		BC9BE0CA1B5F75F70060F64D /* Build configuration list for PBXNativeTarget "SwiftHelloWorldTests" */ = {
			isa = XCConfigurationList;
			buildConfigurations = (
				BC9BE0CB1B5F75F70060F64D /* Debug */,
				BC9BE0CC1B5F75F70060F64D /* Release */,
			);
			defaultConfigurationIsVisible = 0;
		};
/* End XCConfigurationList section */
	};
	rootObject = BC9BE0A01B5F75F70060F64D /* Project object */;
}
